
Microsoft Visual Studio Solution File, Format Version 12.00
# Visual Studio 15
VisualStudioVersion = 15.0.28307.779
MinimumVisualStudioVersion = 10.0.40219.1
Project("{9A19103F-16F7-4668-BE54-9A1E7A4F7556}") = "CoreWeb", "CoreWeb\CoreWeb.csproj", "{24F7AAA1-4A3A-4661-873F-5B9666D29F23}"
EndProject
Project("{9A19103F-16F7-4668-BE54-9A1E7A4F7556}") = "CoreDataLayer", "CoreDataLayer\CoreDataLayer.csproj", "{1910A4D6-300A-4D3E-912A-5D823D999C4F}"
EndProject
Project("{9A19103F-16F7-4668-BE54-9A1E7A4F7556}") = "CoreRepository", "CoreRepository\CoreRepository.csproj", "{A6B9D399-674D-4A72-8DFF-00FEAD8F5212}"
EndProject
Project("{FAE04EC0-301F-11D3-BF4B-00C04F79EFBC}") = "CoreService", "CoreService\CoreService.csproj", "{D30614D9-5DE3-4D6A-BFD3-90438EFEAB6C}"
EndProject
Project("{FAE04EC0-301F-11D3-BF4B-00C04F79EFBC}") = "CoreViewModel", "CoreViewModel\CoreViewModel.csproj", "{6B87EF08-8E2A-45BD-ABDE-D0BAF1C83DE5}"
EndProject
Global
	GlobalSection(SolutionConfigurationPlatforms) = preSolution
		Debug|Any CPU = Debug|Any CPU
		Release|Any CPU = Release|Any CPU
	EndGlobalSection
	GlobalSection(ProjectConfigurationPlatforms) = postSolution
		{24F7AAA1-4A3A-4661-873F-5B9666D29F23}.Debug|Any CPU.ActiveCfg = Debug|Any CPU
		{24F7AAA1-4A3A-4661-873F-5B9666D29F23}.Debug|Any CPU.Build.0 = Debug|Any CPU
		{24F7AAA1-4A3A-4661-873F-5B9666D29F23}.Release|Any CPU.ActiveCfg = Release|Any CPU
		{24F7AAA1-4A3A-4661-873F-5B9666D29F23}.Release|Any CPU.Build.0 = Release|Any CPU
		{1910A4D6-300A-4D3E-912A-5D823D999C4F}.Debug|Any CPU.ActiveCfg = Debug|Any CPU
		{1910A4D6-300A-4D3E-912A-5D823D999C4F}.Debug|Any CPU.Build.0 = Debug|Any CPU
		{1910A4D6-300A-4D3E-912A-5D823D999C4F}.Release|Any CPU.ActiveCfg = Release|Any CPU
		{1910A4D6-300A-4D3E-912A-5D823D999C4F}.Release|Any CPU.Build.0 = Release|Any CPU
		{A6B9D399-674D-4A72-8DFF-00FEAD8F5212}.Debug|Any CPU.ActiveCfg = Debug|Any CPU
		{A6B9D399-674D-4A72-8DFF-00FEAD8F5212}.Debug|Any CPU.Build.0 = Debug|Any CPU
		{A6B9D399-674D-4A72-8DFF-00FEAD8F5212}.Release|Any CPU.ActiveCfg = Release|Any CPU
		{A6B9D399-674D-4A72-8DFF-00FEAD8F5212}.Release|Any CPU.Build.0 = Release|Any CPU
		{D30614D9-5DE3-4D6A-BFD3-90438EFEAB6C}.Debug|Any CPU.ActiveCfg = Debug|Any CPU
		{D30614D9-5DE3-4D6A-BFD3-90438EFEAB6C}.Debug|Any CPU.Build.0 = Debug|Any CPU
		{D30614D9-5DE3-4D6A-BFD3-90438EFEAB6C}.Release|Any CPU.ActiveCfg = Release|Any CPU
		{D30614D9-5DE3-4D6A-BFD3-90438EFEAB6C}.Release|Any CPU.Build.0 = Release|Any CPU
		{6B87EF08-8E2A-45BD-ABDE-D0BAF1C83DE5}.Debug|Any CPU.ActiveCfg = Debug|Any CPU
		{6B87EF08-8E2A-45BD-ABDE-D0BAF1C83DE5}.Debug|Any CPU.Build.0 = Debug|Any CPU
		{6B87EF08-8E2A-45BD-ABDE-D0BAF1C83DE5}.Release|Any CPU.ActiveCfg = Release|Any CPU
		{6B87EF08-8E2A-45BD-ABDE-D0BAF1C83DE5}.Release|Any CPU.Build.0 = Release|Any CPU
	EndGlobalSection
	GlobalSection(SolutionProperties) = preSolution
		HideSolutionNode = FALSE
	EndGlobalSection
	GlobalSection(ExtensibilityGlobals) = postSolution
		SolutionGuid = {8FC9F7BE-BCB8-4EF9-B1AF-C8A99DA48EA0}
	EndGlobalSection
EndGlobal
